{
    "name": "react-native-go",
    "version": "1.8.10",
    "lockfileVersion": 1,
    "dependencies": {
        "static-container": {
            "version": "1.1.0",
            "resolved": "https://registry.npmjs.org/static-container/-/static-container-1.1.0.tgz",
            "integrity": "sha1-P2fRUFSiyHNSjL6ZjBkOzrNRLIQ="
        }
    }
}
